
Microsoft Visual Studio Solution File, Format Version 12.00
# Visual Studio Version 17
VisualStudioVersion = 17.14.36414.22 d17.14
MinimumVisualStudioVersion = 10.0.40219.1
Project("{FAE04EC0-301F-11D3-BF4B-00C04F79EFBC}") = "TradierBroker", "Libs\TradierBroker.csproj", "{5DC2A6AD-340C-3130-2ADF-B28D91069AB8}"
EndProject
Project("{FAE04EC0-301F-11D3-BF4B-00C04F79EFBC}") = "Demo", "Demo\Demo.csproj", "{D1CCB24F-A868-F185-9228-8CC249247C79}"
EndProject
Global
	GlobalSection(SolutionConfigurationPlatforms) = preSolution
		Debug|Any CPU = Debug|Any CPU
		Release|Any CPU = Release|Any CPU
	EndGlobalSection
	GlobalSection(ProjectConfigurationPlatforms) = postSolution
		{5DC2A6AD-340C-3130-2ADF-B28D91069AB8}.Debug|Any CPU.ActiveCfg = Debug|Any CPU
		{5DC2A6AD-340C-3130-2ADF-B28D91069AB8}.Debug|Any CPU.Build.0 = Debug|Any CPU
		{5DC2A6AD-340C-3130-2ADF-B28D91069AB8}.Release|Any CPU.ActiveCfg = Release|Any CPU
		{5DC2A6AD-340C-3130-2ADF-B28D91069AB8}.Release|Any CPU.Build.0 = Release|Any CPU
		{D1CCB24F-A868-F185-9228-8CC249247C79}.Debug|Any CPU.ActiveCfg = Debug|Any CPU
		{D1CCB24F-A868-F185-9228-8CC249247C79}.Debug|Any CPU.Build.0 = Debug|Any CPU
		{D1CCB24F-A868-F185-9228-8CC249247C79}.Release|Any CPU.ActiveCfg = Release|Any CPU
		{D1CCB24F-A868-F185-9228-8CC249247C79}.Release|Any CPU.Build.0 = Release|Any CPU
	EndGlobalSection
	GlobalSection(SolutionProperties) = preSolution
		HideSolutionNode = FALSE
	EndGlobalSection
	GlobalSection(ExtensibilityGlobals) = postSolution
		SolutionGuid = {69AEDAD3-8C28-4C00-BD15-09BB126AFE47}
	EndGlobalSection
EndGlobal
